
Microsoft Visual Studio Solution File, Format Version 12.00
# Visual Studio Version 17
VisualStudioVersion = 17.3.32901.215
MinimumVisualStudioVersion = 10.0.40219.1
Project("{FAE04EC0-301F-11D3-BF4B-00C04F79EFBC}") = "BlazorApp6_EF", "BlazorApp6_EF\BlazorApp6_EF.csproj", "{A1A44077-F4ED-4219-89CA-49207A9660F9}"
EndProject
Global
	GlobalSection(SolutionConfigurationPlatforms) = preSolution
		Debug|Any CPU = Debug|Any CPU
		Release|Any CPU = Release|Any CPU
	EndGlobalSection
	GlobalSection(ProjectConfigurationPlatforms) = postSolution
		{A1A44077-F4ED-4219-89CA-49207A9660F9}.Debug|Any CPU.ActiveCfg = Debug|Any CPU
		{A1A44077-F4ED-4219-89CA-49207A9660F9}.Debug|Any CPU.Build.0 = Debug|Any CPU
		{A1A44077-F4ED-4219-89CA-49207A9660F9}.Release|Any CPU.ActiveCfg = Release|Any CPU
		{A1A44077-F4ED-4219-89CA-49207A9660F9}.Release|Any CPU.Build.0 = Release|Any CPU
	EndGlobalSection
	GlobalSection(SolutionProperties) = preSolution
		HideSolutionNode = FALSE
	EndGlobalSection
	GlobalSection(ExtensibilityGlobals) = postSolution
		SolutionGuid = {69C10B9E-1BFF-47F8-B99D-9AB478346774}
	EndGlobalSection
EndGlobal
